
Microsoft Visual Studio Solution File, Format Version 12.00
# Visual Studio 2012
Project("{E24C65DC-7377-472B-9ABA-BC803B73C61A}") = "Ordering", "http://localhost:64209", "{84F3EEB1-164A-44A6-A5FB-14848EA9981C}"
	ProjectSection(WebsiteProperties) = preProject
		UseIISExpress = "true"
		TargetFrameworkMoniker = ".NETFramework,Version%3Dv4.5"
		Debug.AspNetCompiler.VirtualPath = "/localhost_64209"
		Debug.AspNetCompiler.PhysicalPath = "..\Ordering\"
		Debug.AspNetCompiler.TargetPath = "PrecompiledWeb\localhost_64209\"
		Debug.AspNetCompiler.Updateable = "true"
		Debug.AspNetCompiler.ForceOverwrite = "true"
		Debug.AspNetCompiler.FixedNames = "false"
		Debug.AspNetCompiler.Debug = "True"
		Release.AspNetCompiler.VirtualPath = "/localhost_64209"
		Release.AspNetCompiler.PhysicalPath = "..\Ordering\"
		Release.AspNetCompiler.TargetPath = "PrecompiledWeb\localhost_64209\"
		Release.AspNetCompiler.Updateable = "true"
		Release.AspNetCompiler.ForceOverwrite = "true"
		Release.AspNetCompiler.FixedNames = "false"
		Release.AspNetCompiler.Debug = "False"
		SlnRelativePath = "..\Ordering\"
	EndProjectSection
EndProject
Global
	GlobalSection(SolutionConfigurationPlatforms) = preSolution
		Debug|Any CPU = Debug|Any CPU
	EndGlobalSection
	GlobalSection(ProjectConfigurationPlatforms) = postSolution
		{84F3EEB1-164A-44A6-A5FB-14848EA9981C}.Debug|Any CPU.ActiveCfg = Debug|Any CPU
		{84F3EEB1-164A-44A6-A5FB-14848EA9981C}.Debug|Any CPU.Build.0 = Debug|Any CPU
	EndGlobalSection
	GlobalSection(SolutionProperties) = preSolution
		HideSolutionNode = FALSE
	EndGlobalSection
EndGlobal
